
Microsoft Visual Studio Solution File, Format Version 12.00
# Visual Studio Version 17
VisualStudioVersion = 17.0.31903.59
MinimumVisualStudioVersion = 10.0.40219.1
Project("{2150E333-8FDC-42A3-9474-1A3956D46DE8}") = "src", "src", "{FC4D3441-E373-47BA-9E26-29EA79167CEB}"
	ProjectSection(SolutionItems) = preProject
		docker-compose.yml = docker-compose.yml
	EndProjectSection
EndProject
Project("{9A19103F-16F7-4668-BE54-9A1E7A4F7556}") = "AuctionService", "src\AuctionService\AuctionService.csproj", "{C5D152C8-6865-4958-A418-F8506FBAA936}"
EndProject
Project("{9A19103F-16F7-4668-BE54-9A1E7A4F7556}") = "SearchService", "src\SearchService\SearchService.csproj", "{727A2F0C-8E45-44F4-807C-A908DABC6828}"
EndProject
Project("{9A19103F-16F7-4668-BE54-9A1E7A4F7556}") = "Contracts", "src\Contracts\Contracts.csproj", "{4A4F5B21-9E49-4F65-A792-9D6D6CC72FFE}"
EndProject
Project("{9A19103F-16F7-4668-BE54-9A1E7A4F7556}") = "IdentityService", "src\IdentityService\IdentityService.csproj", "{56C99CCA-AE32-42B7-BC63-C1D4DCAF6CCD}"
EndProject
Project("{9A19103F-16F7-4668-BE54-9A1E7A4F7556}") = "GatewayService", "src\GatewayService\GatewayService.csproj", "{748495E9-1850-4DCA-AE6A-AFF7B4F7E928}"
EndProject
Project("{FAE04EC0-301F-11D3-BF4B-00C04F79EFBC}") = "BiddingService", "src\BiddingService\BiddingService.csproj", "{816459F7-0F33-48A6-BC4C-8555F7BB8814}"
EndProject
Project("{FAE04EC0-301F-11D3-BF4B-00C04F79EFBC}") = "NotificationService", "src\NotificationService\NotificationService.csproj", "{3B868661-CA95-4CDB-A897-894285A3FBBD}"
EndProject
Global
	GlobalSection(SolutionConfigurationPlatforms) = preSolution
		Debug|Any CPU = Debug|Any CPU
		Release|Any CPU = Release|Any CPU
	EndGlobalSection
	GlobalSection(ProjectConfigurationPlatforms) = postSolution
		{C5D152C8-6865-4958-A418-F8506FBAA936}.Debug|Any CPU.ActiveCfg = Debug|Any CPU
		{C5D152C8-6865-4958-A418-F8506FBAA936}.Debug|Any CPU.Build.0 = Debug|Any CPU
		{C5D152C8-6865-4958-A418-F8506FBAA936}.Release|Any CPU.ActiveCfg = Release|Any CPU
		{C5D152C8-6865-4958-A418-F8506FBAA936}.Release|Any CPU.Build.0 = Release|Any CPU
		{727A2F0C-8E45-44F4-807C-A908DABC6828}.Debug|Any CPU.ActiveCfg = Debug|Any CPU
		{727A2F0C-8E45-44F4-807C-A908DABC6828}.Debug|Any CPU.Build.0 = Debug|Any CPU
		{727A2F0C-8E45-44F4-807C-A908DABC6828}.Release|Any CPU.ActiveCfg = Release|Any CPU
		{727A2F0C-8E45-44F4-807C-A908DABC6828}.Release|Any CPU.Build.0 = Release|Any CPU
		{4A4F5B21-9E49-4F65-A792-9D6D6CC72FFE}.Debug|Any CPU.ActiveCfg = Debug|Any CPU
		{4A4F5B21-9E49-4F65-A792-9D6D6CC72FFE}.Debug|Any CPU.Build.0 = Debug|Any CPU
		{4A4F5B21-9E49-4F65-A792-9D6D6CC72FFE}.Release|Any CPU.ActiveCfg = Release|Any CPU
		{4A4F5B21-9E49-4F65-A792-9D6D6CC72FFE}.Release|Any CPU.Build.0 = Release|Any CPU
		{56C99CCA-AE32-42B7-BC63-C1D4DCAF6CCD}.Debug|Any CPU.ActiveCfg = Debug|Any CPU
		{56C99CCA-AE32-42B7-BC63-C1D4DCAF6CCD}.Debug|Any CPU.Build.0 = Debug|Any CPU
		{56C99CCA-AE32-42B7-BC63-C1D4DCAF6CCD}.Release|Any CPU.ActiveCfg = Release|Any CPU
		{56C99CCA-AE32-42B7-BC63-C1D4DCAF6CCD}.Release|Any CPU.Build.0 = Release|Any CPU
		{748495E9-1850-4DCA-AE6A-AFF7B4F7E928}.Debug|Any CPU.ActiveCfg = Debug|Any CPU
		{748495E9-1850-4DCA-AE6A-AFF7B4F7E928}.Debug|Any CPU.Build.0 = Debug|Any CPU
		{748495E9-1850-4DCA-AE6A-AFF7B4F7E928}.Release|Any CPU.ActiveCfg = Release|Any CPU
		{748495E9-1850-4DCA-AE6A-AFF7B4F7E928}.Release|Any CPU.Build.0 = Release|Any CPU
		{816459F7-0F33-48A6-BC4C-8555F7BB8814}.Debug|Any CPU.ActiveCfg = Debug|Any CPU
		{816459F7-0F33-48A6-BC4C-8555F7BB8814}.Debug|Any CPU.Build.0 = Debug|Any CPU
		{816459F7-0F33-48A6-BC4C-8555F7BB8814}.Release|Any CPU.ActiveCfg = Release|Any CPU
		{816459F7-0F33-48A6-BC4C-8555F7BB8814}.Release|Any CPU.Build.0 = Release|Any CPU
		{3B868661-CA95-4CDB-A897-894285A3FBBD}.Debug|Any CPU.ActiveCfg = Debug|Any CPU
		{3B868661-CA95-4CDB-A897-894285A3FBBD}.Debug|Any CPU.Build.0 = Debug|Any CPU
		{3B868661-CA95-4CDB-A897-894285A3FBBD}.Release|Any CPU.ActiveCfg = Release|Any CPU
		{3B868661-CA95-4CDB-A897-894285A3FBBD}.Release|Any CPU.Build.0 = Release|Any CPU
	EndGlobalSection
	GlobalSection(SolutionProperties) = preSolution
		HideSolutionNode = FALSE
	EndGlobalSection
	GlobalSection(NestedProjects) = preSolution
		{C5D152C8-6865-4958-A418-F8506FBAA936} = {FC4D3441-E373-47BA-9E26-29EA79167CEB}
		{727A2F0C-8E45-44F4-807C-A908DABC6828} = {FC4D3441-E373-47BA-9E26-29EA79167CEB}
		{4A4F5B21-9E49-4F65-A792-9D6D6CC72FFE} = {FC4D3441-E373-47BA-9E26-29EA79167CEB}
		{56C99CCA-AE32-42B7-BC63-C1D4DCAF6CCD} = {FC4D3441-E373-47BA-9E26-29EA79167CEB}
		{748495E9-1850-4DCA-AE6A-AFF7B4F7E928} = {FC4D3441-E373-47BA-9E26-29EA79167CEB}
		{816459F7-0F33-48A6-BC4C-8555F7BB8814} = {FC4D3441-E373-47BA-9E26-29EA79167CEB}
		{3B868661-CA95-4CDB-A897-894285A3FBBD} = {FC4D3441-E373-47BA-9E26-29EA79167CEB}
	EndGlobalSection
	GlobalSection(ExtensibilityGlobals) = postSolution
		SolutionGuid = {FB3E387C-A69E-4460-B50B-D57164E1A40F}
	EndGlobalSection
EndGlobal
